
Microsoft Visual Studio Solution File, Format Version 12.00
# Visual Studio Version 16
VisualStudioVersion = 16.0.33529.622
MinimumVisualStudioVersion = 10.0.40219.1
Project("{FAE04EC0-301F-11D3-BF4B-00C04F79EFBC}") = "ClientesWeb", "ClientesWeb\ClientesWeb.csproj", "{D0F4A85E-72A0-435F-B122-0DECBD34F3FE}"
EndProject
Global
	GlobalSection(SolutionConfigurationPlatforms) = preSolution
		Debug|Any CPU = Debug|Any CPU
		Release|Any CPU = Release|Any CPU
	EndGlobalSection
	GlobalSection(ProjectConfigurationPlatforms) = postSolution
		{D0F4A85E-72A0-435F-B122-0DECBD34F3FE}.Debug|Any CPU.ActiveCfg = Debug|Any CPU
		{D0F4A85E-72A0-435F-B122-0DECBD34F3FE}.Debug|Any CPU.Build.0 = Debug|Any CPU
		{D0F4A85E-72A0-435F-B122-0DECBD34F3FE}.Release|Any CPU.ActiveCfg = Release|Any CPU
		{D0F4A85E-72A0-435F-B122-0DECBD34F3FE}.Release|Any CPU.Build.0 = Release|Any CPU
	EndGlobalSection
	GlobalSection(SolutionProperties) = preSolution
		HideSolutionNode = FALSE
	EndGlobalSection
	GlobalSection(ExtensibilityGlobals) = postSolution
		SolutionGuid = {98D5B717-4E92-4C0A-9124-32E9205AAD61}
	EndGlobalSection
EndGlobal
